
Microsoft Visual Studio Solution File, Format Version 12.00
# Visual Studio 15
Project("{FAE04EC0-301F-11D3-BF4B-00C04F79EFBC}") = "Assembly-CSharp", "Assembly-CSharp.csproj", "{CF36D8C4-5A0C-FF45-2B5B-790D5319F614}"
EndProject
Project("{FAE04EC0-301F-11D3-BF4B-00C04F79EFBC}") = "Assembly-CSharp-firstpass", "Assembly-CSharp-firstpass.csproj", "{2C2CFDED-40EA-5267-3B8C-3C2C31B71FA0}"
EndProject
Project("{FAE04EC0-301F-11D3-BF4B-00C04F79EFBC}") = "Assembly-CSharp-Editor-firstpass", "Assembly-CSharp-Editor-firstpass.csproj", "{5E0AF7C5-276A-A9FC-8412-DD930642A10E}"
EndProject
Global
	GlobalSection(SolutionConfigurationPlatforms) = preSolution
		Debug|Any CPU = Debug|Any CPU
		Release|Any CPU = Release|Any CPU
	EndGlobalSection
	GlobalSection(ProjectConfigurationPlatforms) = postSolution
		{CF36D8C4-5A0C-FF45-2B5B-790D5319F614}.Debug|Any CPU.ActiveCfg = Debug|Any CPU
		{CF36D8C4-5A0C-FF45-2B5B-790D5319F614}.Debug|Any CPU.Build.0 = Debug|Any CPU
		{CF36D8C4-5A0C-FF45-2B5B-790D5319F614}.Release|Any CPU.ActiveCfg = Release|Any CPU
		{CF36D8C4-5A0C-FF45-2B5B-790D5319F614}.Release|Any CPU.Build.0 = Release|Any CPU
		{2C2CFDED-40EA-5267-3B8C-3C2C31B71FA0}.Debug|Any CPU.ActiveCfg = Debug|Any CPU
		{2C2CFDED-40EA-5267-3B8C-3C2C31B71FA0}.Debug|Any CPU.Build.0 = Debug|Any CPU
		{2C2CFDED-40EA-5267-3B8C-3C2C31B71FA0}.Release|Any CPU.ActiveCfg = Release|Any CPU
		{2C2CFDED-40EA-5267-3B8C-3C2C31B71FA0}.Release|Any CPU.Build.0 = Release|Any CPU
		{5E0AF7C5-276A-A9FC-8412-DD930642A10E}.Debug|Any CPU.ActiveCfg = Debug|Any CPU
		{5E0AF7C5-276A-A9FC-8412-DD930642A10E}.Debug|Any CPU.Build.0 = Debug|Any CPU
		{5E0AF7C5-276A-A9FC-8412-DD930642A10E}.Release|Any CPU.ActiveCfg = Release|Any CPU
		{5E0AF7C5-276A-A9FC-8412-DD930642A10E}.Release|Any CPU.Build.0 = Release|Any CPU
	EndGlobalSection
	GlobalSection(SolutionProperties) = preSolution
		HideSolutionNode = FALSE
	EndGlobalSection
EndGlobal
